
Microsoft Visual Studio Solution File, Format Version 12.00
# Visual Studio 2013
VisualStudioVersion = 12.0.31101.0
MinimumVisualStudioVersion = 10.0.40219.1
Project("{FAE04EC0-301F-11D3-BF4B-00C04F79EFBC}") = "Mod3Event", "Mod3Event\Mod3Event.csproj", "{6C3147E5-75AC-4CB7-A5CF-DCFB534A9776}"
EndProject
Global
	GlobalSection(SolutionConfigurationPlatforms) = preSolution
		Debug|Any CPU = Debug|Any CPU
		Release|Any CPU = Release|Any CPU
	EndGlobalSection
	GlobalSection(ProjectConfigurationPlatforms) = postSolution
		{6C3147E5-75AC-4CB7-A5CF-DCFB534A9776}.Debug|Any CPU.ActiveCfg = Debug|Any CPU
		{6C3147E5-75AC-4CB7-A5CF-DCFB534A9776}.Debug|Any CPU.Build.0 = Debug|Any CPU
		{6C3147E5-75AC-4CB7-A5CF-DCFB534A9776}.Release|Any CPU.ActiveCfg = Release|Any CPU
		{6C3147E5-75AC-4CB7-A5CF-DCFB534A9776}.Release|Any CPU.Build.0 = Release|Any CPU
	EndGlobalSection
	GlobalSection(SolutionProperties) = preSolution
		HideSolutionNode = FALSE
	EndGlobalSection
EndGlobal
