
Microsoft Visual Studio Solution File, Format Version 12.00
# Visual Studio 2013
VisualStudioVersion = 12.0.31101.0
MinimumVisualStudioVersion = 10.0.40219.1
Project("{FAE04EC0-301F-11D3-BF4B-00C04F79EFBC}") = "Mod7", "Mod7.csproj", "{8517D184-7A6D-49AF-9EEE-174E3338ADDD}"
EndProject
Global
	GlobalSection(SolutionConfigurationPlatforms) = preSolution
		Debug|Any CPU = Debug|Any CPU
		Release|Any CPU = Release|Any CPU
	EndGlobalSection
	GlobalSection(ProjectConfigurationPlatforms) = postSolution
		{8517D184-7A6D-49AF-9EEE-174E3338ADDD}.Debug|Any CPU.ActiveCfg = Debug|Any CPU
		{8517D184-7A6D-49AF-9EEE-174E3338ADDD}.Debug|Any CPU.Build.0 = Debug|Any CPU
		{8517D184-7A6D-49AF-9EEE-174E3338ADDD}.Release|Any CPU.ActiveCfg = Release|Any CPU
		{8517D184-7A6D-49AF-9EEE-174E3338ADDD}.Release|Any CPU.Build.0 = Release|Any CPU
	EndGlobalSection
	GlobalSection(SolutionProperties) = preSolution
		HideSolutionNode = FALSE
	EndGlobalSection
EndGlobal
